{
  "version": 4,
  "terraform_version": "1.13.5",
  "serial": 13,
  "lineage": "0abc2f78-e16c-d313-3683-2f672a2cb98f",
  "outputs": {
    "infra_message": {
      "value": "Infraestructura lista",
      "type": "string"
    }
  },
  "resources": [
    {
      "mode": "managed",
      "type": "local_file",
      "name": "infra",
      "provider": "provider[\"registry.terraform.io/hashicorp/local\"]",
      "instances": [
        {
          "schema_version": 0,
          "attributes": {
            "content": "Infraestructura desplegada con Terraform",
            "content_base64": null,
            "content_base64sha256": "+hzBQbRO5P6BuHkDRkdQ+bpw85mVxfpNzMHGZukGKAM=",
            "content_base64sha512": "xLT6HQr2L3IHMWrQvuL46dv4RnOiedIHSA7/y0FI5oX3GJ+zjOb2Ixp8bizKIqSQ2+M4rz+qZyx/aXwxdyEPwQ==",
            "content_md5": "c30806b4071a8c618431e0d2d16c9c4d",
            "content_sha1": "322292b481913f4ff16228ba75360cc63f52127d",
            "content_sha256": "fa1cc141b44ee4fe81b87903464750f9ba70f39995c5fa4dccc1c666e9062803",
            "content_sha512": "c4b4fa1d0af62f7207316ad0bee2f8e9dbf84673a279d207480effcb4148e685f7189fb38ce6f6231a7c6e2cca22a490dbe338af3faa672c7f697c3177210fc1",
            "directory_permission": "0777",
            "file_permission": "0777",
            "filename": "./infra.txt",
            "id": "322292b481913f4ff16228ba75360cc63f52127d",
            "sensitive_content": null,
            "source": null
          },
          "sensitive_attributes": [
            [
              {
                "type": "get_attr",
                "value": "sensitive_content"
              }
            ]
          ],
          "identity_schema_version": 0
        }
      ]
    },
    {
      "mode": "managed",
      "type": "null_resource",
      "name": "configure_with_ansible",
      "provider": "provider[\"registry.terraform.io/hashicorp/null\"]",
      "instances": [
        {
          "schema_version": 0,
          "attributes": {
            "id": "4658184984568630752",
            "triggers": null
          },
          "sensitive_attributes": [],
          "identity_schema_version": 0,
          "dependencies": [
            "local_file.infra"
          ]
        }
      ]
    }
  ],
  "check_results": null
}
