{
  "version": 4,
  "terraform_version": "1.13.5",
  "serial": 1,
  "lineage": "0abc2f78-e16c-d313-3683-2f672a2cb98f",
  "outputs": {
    "content": {
      "value": "Hi DevOps, this file was generated by Terraform 👋",
      "type": "string"
    },
    "created_file": {
      "value": "saludo.txt",
      "type": "string"
    }
  },
  "resources": [
    {
      "mode": "managed",
      "type": "local_file",
      "name": "file",
      "provider": "provider[\"registry.terraform.io/hashicorp/local\"]",
      "instances": [
        {
          "schema_version": 0,
          "attributes": {
            "content": "Hi DevOps, this file was generated by Terraform 👋",
            "content_base64": null,
            "content_base64sha256": "Plnr8a3R2/k8RfDdi/shhsryVRMWz4VLFb3M58R5qQg=",
            "content_base64sha512": "ZRT/0Me4njiKRAOurQI7qm/c56c684BP57eb086XasAU5ZFHVpi+gNvT2akT1j1tyJpOXwh5MEDYIXWRkbSb6A==",
            "content_md5": "3660d039d57a00dda08e83a755429651",
            "content_sha1": "45ca04d1a08ab1284733d7df8b25acfa2cde7bf8",
            "content_sha256": "3e59ebf1add1dbf93c45f0dd8bfb2186caf2551316cf854b15bdcce7c479a908",
            "content_sha512": "6514ffd0c7b89e388a4403aead023baa6fdce7a73af3804fe7b79bd3ce976ac014e591475698be80dbd3d9a913d63d6dc89a4e5f08793040d821759191b49be8",
            "directory_permission": "0777",
            "file_permission": "0777",
            "filename": "saludo.txt",
            "id": "45ca04d1a08ab1284733d7df8b25acfa2cde7bf8",
            "sensitive_content": null,
            "source": null
          },
          "sensitive_attributes": [
            [
              {
                "type": "get_attr",
                "value": "sensitive_content"
              }
            ]
          ],
          "identity_schema_version": 0
        }
      ]
    }
  ],
  "check_results": null
}
