{
  "version": 4,
  "terraform_version": "1.13.5",
  "serial": 29,
  "lineage": "0abc2f78-e16c-d313-3683-2f672a2cb98f",
  "outputs": {
    "infra_message": {
      "value": "Infraestructura lista",
      "type": "string"
    }
  },
  "resources": [
    {
      "mode": "managed",
      "type": "local_file",
      "name": "web_content",
      "provider": "provider[\"registry.terraform.io/hashicorp/local\"]",
      "instances": [
        {
          "schema_version": 0,
          "attributes": {
            "content": "\u003ch1\u003eHi from Terraform\u003c/h1\u003e",
            "content_base64": null,
            "content_base64sha256": "/XxWDQbiLs0QL6zLwG+eXsQ7F+eMWkzem+1IihB4cMI=",
            "content_base64sha512": "1XJmcPDkLbw+a+el4WwKrTQYjGcLbp3aExzPpq527mFLuiLbOvEERZTXlUIZ4y6mIYHztCYTUD3xnHY7zu0B3A==",
            "content_md5": "787eefc15bee300aa509464480427a87",
            "content_sha1": "955fb96645a61e55816994b637c33f8bf13c625b",
            "content_sha256": "fd7c560d06e22ecd102faccbc06f9e5ec43b17e78c5a4cde9bed488a107870c2",
            "content_sha512": "d5726670f0e42dbc3e6be7a5e16c0aad34188c670b6e9dda131ccfa6ae76ee614bba22db3af1044594d7954219e32ea62181f3b42613503df19c763bceed01dc",
            "directory_permission": "0777",
            "file_permission": "0777",
            "filename": "./../app/index.html",
            "id": "955fb96645a61e55816994b637c33f8bf13c625b",
            "sensitive_content": null,
            "source": null
          },
          "sensitive_attributes": [
            [
              {
                "type": "get_attr",
                "value": "sensitive_content"
              }
            ]
          ],
          "identity_schema_version": 0
        }
      ]
    },
    {
      "mode": "managed",
      "type": "null_resource",
      "name": "run_ansible",
      "provider": "provider[\"registry.terraform.io/hashicorp/null\"]",
      "instances": [
        {
          "schema_version": 0,
          "attributes": {
            "id": "6413300268684204660",
            "triggers": {
              "timestamp": "2025-11-11T12:02:10Z",
              "web_content": "\u003ch1\u003eHi from Terraform\u003c/h1\u003e"
            }
          },
          "sensitive_attributes": [],
          "identity_schema_version": 0,
          "dependencies": [
            "local_file.web_content"
          ]
        }
      ]
    }
  ],
  "check_results": null
}
